
Microsoft Visual Studio Solution File, Format Version 12.00
# Visual Studio Version 16
VisualStudioVersion = 16.0.34902.97
MinimumVisualStudioVersion = 10.0.40219.1
Project("{FAE04EC0-301F-11D3-BF4B-00C04F79EFBC}") = "Customer_Deatails", "Customer_Deatails\Customer_Deatails.csproj", "{9C8E0E57-C1F5-4FCA-8436-97E536D75CCF}"
EndProject
Global
	GlobalSection(SolutionConfigurationPlatforms) = preSolution
		Debug|Any CPU = Debug|Any CPU
		Release|Any CPU = Release|Any CPU
	EndGlobalSection
	GlobalSection(ProjectConfigurationPlatforms) = postSolution
		{9C8E0E57-C1F5-4FCA-8436-97E536D75CCF}.Debug|Any CPU.ActiveCfg = Debug|Any CPU
		{9C8E0E57-C1F5-4FCA-8436-97E536D75CCF}.Debug|Any CPU.Build.0 = Debug|Any CPU
		{9C8E0E57-C1F5-4FCA-8436-97E536D75CCF}.Release|Any CPU.ActiveCfg = Release|Any CPU
		{9C8E0E57-C1F5-4FCA-8436-97E536D75CCF}.Release|Any CPU.Build.0 = Release|Any CPU
	EndGlobalSection
	GlobalSection(SolutionProperties) = preSolution
		HideSolutionNode = FALSE
	EndGlobalSection
	GlobalSection(ExtensibilityGlobals) = postSolution
		SolutionGuid = {450FA7B4-C30E-4E62-AA9C-BA4CBDB0AED5}
	EndGlobalSection
EndGlobal
