
Microsoft Visual Studio Solution File, Format Version 12.00
# Visual Studio Version 16
VisualStudioVersion = 16.0.34902.97
MinimumVisualStudioVersion = 10.0.40219.1
Project("{FAE04EC0-301F-11D3-BF4B-00C04F79EFBC}") = "Day_02_dot_net", "Day_02_dot_net\Day_02_dot_net.csproj", "{D664066D-54C9-42D4-89B5-AD595F8D3BE3}"
EndProject
Global
	GlobalSection(SolutionConfigurationPlatforms) = preSolution
		Debug|Any CPU = Debug|Any CPU
		Release|Any CPU = Release|Any CPU
	EndGlobalSection
	GlobalSection(ProjectConfigurationPlatforms) = postSolution
		{D664066D-54C9-42D4-89B5-AD595F8D3BE3}.Debug|Any CPU.ActiveCfg = Debug|Any CPU
		{D664066D-54C9-42D4-89B5-AD595F8D3BE3}.Debug|Any CPU.Build.0 = Debug|Any CPU
		{D664066D-54C9-42D4-89B5-AD595F8D3BE3}.Release|Any CPU.ActiveCfg = Release|Any CPU
		{D664066D-54C9-42D4-89B5-AD595F8D3BE3}.Release|Any CPU.Build.0 = Release|Any CPU
	EndGlobalSection
	GlobalSection(SolutionProperties) = preSolution
		HideSolutionNode = FALSE
	EndGlobalSection
	GlobalSection(ExtensibilityGlobals) = postSolution
		SolutionGuid = {86763265-0232-41BF-94FA-6D1039ABE75D}
	EndGlobalSection
EndGlobal
