
Microsoft Visual Studio Solution File, Format Version 12.00
# Visual Studio Version 16
VisualStudioVersion = 16.0.34902.97
MinimumVisualStudioVersion = 10.0.40219.1
Project("{FAE04EC0-301F-11D3-BF4B-00C04F79EFBC}") = "CoreChallenge_02", "CoreChallenge_02\CoreChallenge_02.csproj", "{831C48B5-24E1-46B3-92D6-3562B3803CF5}"
EndProject
Global
	GlobalSection(SolutionConfigurationPlatforms) = preSolution
		Debug|Any CPU = Debug|Any CPU
		Release|Any CPU = Release|Any CPU
	EndGlobalSection
	GlobalSection(ProjectConfigurationPlatforms) = postSolution
		{831C48B5-24E1-46B3-92D6-3562B3803CF5}.Debug|Any CPU.ActiveCfg = Debug|Any CPU
		{831C48B5-24E1-46B3-92D6-3562B3803CF5}.Debug|Any CPU.Build.0 = Debug|Any CPU
		{831C48B5-24E1-46B3-92D6-3562B3803CF5}.Release|Any CPU.ActiveCfg = Release|Any CPU
		{831C48B5-24E1-46B3-92D6-3562B3803CF5}.Release|Any CPU.Build.0 = Release|Any CPU
	EndGlobalSection
	GlobalSection(SolutionProperties) = preSolution
		HideSolutionNode = FALSE
	EndGlobalSection
	GlobalSection(ExtensibilityGlobals) = postSolution
		SolutionGuid = {6B13DAE7-49F0-4071-A02E-335E11E11ABC}
	EndGlobalSection
EndGlobal
