
Microsoft Visual Studio Solution File, Format Version 12.00
# Visual Studio Version 16
VisualStudioVersion = 16.0.34902.97
MinimumVisualStudioVersion = 10.0.40219.1
Project("{FAE04EC0-301F-11D3-BF4B-00C04F79EFBC}") = "ADO_proj", "ADO_proj\ADO_proj.csproj", "{01D0E762-41DF-4C01-AA87-0A71E8029671}"
EndProject
Global
	GlobalSection(SolutionConfigurationPlatforms) = preSolution
		Debug|Any CPU = Debug|Any CPU
		Release|Any CPU = Release|Any CPU
	EndGlobalSection
	GlobalSection(ProjectConfigurationPlatforms) = postSolution
		{01D0E762-41DF-4C01-AA87-0A71E8029671}.Debug|Any CPU.ActiveCfg = Debug|Any CPU
		{01D0E762-41DF-4C01-AA87-0A71E8029671}.Debug|Any CPU.Build.0 = Debug|Any CPU
		{01D0E762-41DF-4C01-AA87-0A71E8029671}.Release|Any CPU.ActiveCfg = Release|Any CPU
		{01D0E762-41DF-4C01-AA87-0A71E8029671}.Release|Any CPU.Build.0 = Release|Any CPU
	EndGlobalSection
	GlobalSection(SolutionProperties) = preSolution
		HideSolutionNode = FALSE
	EndGlobalSection
	GlobalSection(ExtensibilityGlobals) = postSolution
		SolutionGuid = {9D6A53A9-8811-42EB-88EB-3E80E92D400D}
	EndGlobalSection
EndGlobal
